
Microsoft Visual Studio Solution File, Format Version 12.00
# Visual Studio 14
VisualStudioVersion = 14.0.24720.0
MinimumVisualStudioVersion = 10.0.40219.1
Project("{8BC9CEB8-8B4A-11D0-8D11-00A0C91BC942}") = "myEncoder", "myEncoder\myEncoder.vcxproj", "{8F48F44F-3877-4561-A52B-740D6DC34548}"
EndProject
Project("{FAE04EC0-301F-11D3-BF4B-00C04F79EFBC}") = "test_codec", "test_codec\test_codec.csproj", "{D9654453-6CAA-418A-92ED-09835A1DCB87}"
EndProject
Global
	GlobalSection(SolutionConfigurationPlatforms) = preSolution
		Debug|Any CPU = Debug|Any CPU
		Debug|x64 = Debug|x64
		Debug|x86 = Debug|x86
		Release|Any CPU = Release|Any CPU
		Release|x64 = Release|x64
		Release|x86 = Release|x86
	EndGlobalSection
	GlobalSection(ProjectConfigurationPlatforms) = postSolution
		{8F48F44F-3877-4561-A52B-740D6DC34548}.Debug|Any CPU.ActiveCfg = Debug|Win32
		{8F48F44F-3877-4561-A52B-740D6DC34548}.Debug|x64.ActiveCfg = Debug|x64
		{8F48F44F-3877-4561-A52B-740D6DC34548}.Debug|x64.Build.0 = Debug|x64
		{8F48F44F-3877-4561-A52B-740D6DC34548}.Debug|x86.ActiveCfg = Debug|Win32
		{8F48F44F-3877-4561-A52B-740D6DC34548}.Debug|x86.Build.0 = Debug|Win32
		{8F48F44F-3877-4561-A52B-740D6DC34548}.Release|Any CPU.ActiveCfg = Release|Win32
		{8F48F44F-3877-4561-A52B-740D6DC34548}.Release|x64.ActiveCfg = Release|x64
		{8F48F44F-3877-4561-A52B-740D6DC34548}.Release|x64.Build.0 = Release|x64
		{8F48F44F-3877-4561-A52B-740D6DC34548}.Release|x86.ActiveCfg = Release|Win32
		{8F48F44F-3877-4561-A52B-740D6DC34548}.Release|x86.Build.0 = Release|Win32
		{D9654453-6CAA-418A-92ED-09835A1DCB87}.Debug|Any CPU.ActiveCfg = Debug|Any CPU
		{D9654453-6CAA-418A-92ED-09835A1DCB87}.Debug|Any CPU.Build.0 = Debug|Any CPU
		{D9654453-6CAA-418A-92ED-09835A1DCB87}.Debug|x64.ActiveCfg = Debug|Any CPU
		{D9654453-6CAA-418A-92ED-09835A1DCB87}.Debug|x64.Build.0 = Debug|Any CPU
		{D9654453-6CAA-418A-92ED-09835A1DCB87}.Debug|x86.ActiveCfg = Debug|Any CPU
		{D9654453-6CAA-418A-92ED-09835A1DCB87}.Debug|x86.Build.0 = Debug|Any CPU
		{D9654453-6CAA-418A-92ED-09835A1DCB87}.Release|Any CPU.ActiveCfg = Release|Any CPU
		{D9654453-6CAA-418A-92ED-09835A1DCB87}.Release|Any CPU.Build.0 = Release|Any CPU
		{D9654453-6CAA-418A-92ED-09835A1DCB87}.Release|x64.ActiveCfg = Release|Any CPU
		{D9654453-6CAA-418A-92ED-09835A1DCB87}.Release|x64.Build.0 = Release|Any CPU
		{D9654453-6CAA-418A-92ED-09835A1DCB87}.Release|x86.ActiveCfg = Release|Any CPU
		{D9654453-6CAA-418A-92ED-09835A1DCB87}.Release|x86.Build.0 = Release|Any CPU
	EndGlobalSection
	GlobalSection(SolutionProperties) = preSolution
		HideSolutionNode = FALSE
	EndGlobalSection
EndGlobal
